
Microsoft Visual Studio Solution File, Format Version 12.00
# Visual Studio Version 16
VisualStudioVersion = 16.0.31624.102
MinimumVisualStudioVersion = 10.0.40219.1
Project("{FAE04EC0-301F-11D3-BF4B-00C04F79EFBC}") = "CallBack", "CallBack\CallBack.csproj", "{DB800BE1-ADCC-4F4C-9A30-744D0C47B375}"
EndProject
Global
	GlobalSection(SolutionConfigurationPlatforms) = preSolution
		Debug|Any CPU = Debug|Any CPU
		Release|Any CPU = Release|Any CPU
	EndGlobalSection
	GlobalSection(ProjectConfigurationPlatforms) = postSolution
		{DB800BE1-ADCC-4F4C-9A30-744D0C47B375}.Debug|Any CPU.ActiveCfg = Debug|Any CPU
		{DB800BE1-ADCC-4F4C-9A30-744D0C47B375}.Debug|Any CPU.Build.0 = Debug|Any CPU
		{DB800BE1-ADCC-4F4C-9A30-744D0C47B375}.Release|Any CPU.ActiveCfg = Release|Any CPU
		{DB800BE1-ADCC-4F4C-9A30-744D0C47B375}.Release|Any CPU.Build.0 = Release|Any CPU
	EndGlobalSection
	GlobalSection(SolutionProperties) = preSolution
		HideSolutionNode = FALSE
	EndGlobalSection
	GlobalSection(ExtensibilityGlobals) = postSolution
		SolutionGuid = {619B8FB2-5027-4587-BD7F-2C9D6D3C0A07}
	EndGlobalSection
EndGlobal
