
Microsoft Visual Studio Solution File, Format Version 12.00
# Visual Studio Version 16
VisualStudioVersion = 16.0.30309.148
MinimumVisualStudioVersion = 10.0.40219.1
Project("{FAE04EC0-301F-11D3-BF4B-00C04F79EFBC}") = "ApagarTesteDevice2.Android", "ApagarTesteDevice2\ApagarTesteDevice2.Android\ApagarTesteDevice2.Android.csproj", "{B82D9707-F3E8-4195-93D6-F621F26DB2A2}"
EndProject
Project("{FAE04EC0-301F-11D3-BF4B-00C04F79EFBC}") = "ApagarTesteDevice2", "ApagarTesteDevice2\ApagarTesteDevice2\ApagarTesteDevice2.csproj", "{5B6289C6-67A8-49B0-A603-1C07D3D09827}"
EndProject
Global
	GlobalSection(SolutionConfigurationPlatforms) = preSolution
		Debug|Any CPU = Debug|Any CPU
		Release|Any CPU = Release|Any CPU
	EndGlobalSection
	GlobalSection(ProjectConfigurationPlatforms) = postSolution
		{B82D9707-F3E8-4195-93D6-F621F26DB2A2}.Debug|Any CPU.ActiveCfg = Debug|Any CPU
		{B82D9707-F3E8-4195-93D6-F621F26DB2A2}.Debug|Any CPU.Build.0 = Debug|Any CPU
		{B82D9707-F3E8-4195-93D6-F621F26DB2A2}.Debug|Any CPU.Deploy.0 = Debug|Any CPU
		{B82D9707-F3E8-4195-93D6-F621F26DB2A2}.Release|Any CPU.ActiveCfg = Release|Any CPU
		{B82D9707-F3E8-4195-93D6-F621F26DB2A2}.Release|Any CPU.Build.0 = Release|Any CPU
		{B82D9707-F3E8-4195-93D6-F621F26DB2A2}.Release|Any CPU.Deploy.0 = Release|Any CPU
		{5B6289C6-67A8-49B0-A603-1C07D3D09827}.Debug|Any CPU.ActiveCfg = Debug|Any CPU
		{5B6289C6-67A8-49B0-A603-1C07D3D09827}.Debug|Any CPU.Build.0 = Debug|Any CPU
		{5B6289C6-67A8-49B0-A603-1C07D3D09827}.Debug|Any CPU.Deploy.0 = Debug|Any CPU
		{5B6289C6-67A8-49B0-A603-1C07D3D09827}.Release|Any CPU.ActiveCfg = Release|Any CPU
		{5B6289C6-67A8-49B0-A603-1C07D3D09827}.Release|Any CPU.Build.0 = Release|Any CPU
		{5B6289C6-67A8-49B0-A603-1C07D3D09827}.Release|Any CPU.Deploy.0 = Release|Any CPU
	EndGlobalSection
	GlobalSection(SolutionProperties) = preSolution
		HideSolutionNode = FALSE
	EndGlobalSection
	GlobalSection(ExtensibilityGlobals) = postSolution
		SolutionGuid = {D8E4E137-BB19-4713-A3F0-03673A096FE8}
	EndGlobalSection
EndGlobal
