
Microsoft Visual Studio Solution File, Format Version 12.00
# Visual Studio Version 16
VisualStudioVersion = 16.0.30309.148
MinimumVisualStudioVersion = 10.0.40219.1
Project("{FAE04EC0-301F-11D3-BF4B-00C04F79EFBC}") = "APIController", "APIController\APIController.csproj", "{5150D7C5-9091-44BD-8088-06FE496AB98F}"
EndProject
Project("{2150E333-8FDC-42A3-9474-1A3956D46DE8}") = "01 - API", "01 - API", "{D3ABACB7-4F3A-4296-B47A-B1A67560E470}"
EndProject
Project("{2150E333-8FDC-42A3-9474-1A3956D46DE8}") = "02 - Clients", "02 - Clients", "{D4E2A259-9CB1-4BA2-B960-8F42E3AB0035}"
EndProject
Project("{2150E333-8FDC-42A3-9474-1A3956D46DE8}") = "03 - Business", "03 - Business", "{C7E08EAC-8CB7-45E9-99CC-8A6EE4CBED14}"
EndProject
Project("{2150E333-8FDC-42A3-9474-1A3956D46DE8}") = "04 - Data", "04 - Data", "{DD243774-6F5C-47D4-BAF1-709D0CA161F2}"
EndProject
Project("{FAE04EC0-301F-11D3-BF4B-00C04F79EFBC}") = "APIController.Data", "APIController.Data\APIController.Data.csproj", "{71CE99C2-0026-44D9-98C1-80573073548F}"
EndProject
Project("{FAE04EC0-301F-11D3-BF4B-00C04F79EFBC}") = "APIController.Business", "APIController.Business\APIController.Business.csproj", "{FC6DB946-A0EC-4E78-839E-12C6F7E44CC9}"
EndProject
Global
	GlobalSection(SolutionConfigurationPlatforms) = preSolution
		Debug|Any CPU = Debug|Any CPU
		Release|Any CPU = Release|Any CPU
	EndGlobalSection
	GlobalSection(ProjectConfigurationPlatforms) = postSolution
		{5150D7C5-9091-44BD-8088-06FE496AB98F}.Debug|Any CPU.ActiveCfg = Debug|Any CPU
		{5150D7C5-9091-44BD-8088-06FE496AB98F}.Debug|Any CPU.Build.0 = Debug|Any CPU
		{5150D7C5-9091-44BD-8088-06FE496AB98F}.Release|Any CPU.ActiveCfg = Release|Any CPU
		{5150D7C5-9091-44BD-8088-06FE496AB98F}.Release|Any CPU.Build.0 = Release|Any CPU
		{71CE99C2-0026-44D9-98C1-80573073548F}.Debug|Any CPU.ActiveCfg = Debug|Any CPU
		{71CE99C2-0026-44D9-98C1-80573073548F}.Debug|Any CPU.Build.0 = Debug|Any CPU
		{71CE99C2-0026-44D9-98C1-80573073548F}.Release|Any CPU.ActiveCfg = Release|Any CPU
		{71CE99C2-0026-44D9-98C1-80573073548F}.Release|Any CPU.Build.0 = Release|Any CPU
		{FC6DB946-A0EC-4E78-839E-12C6F7E44CC9}.Debug|Any CPU.ActiveCfg = Debug|Any CPU
		{FC6DB946-A0EC-4E78-839E-12C6F7E44CC9}.Debug|Any CPU.Build.0 = Debug|Any CPU
		{FC6DB946-A0EC-4E78-839E-12C6F7E44CC9}.Release|Any CPU.ActiveCfg = Release|Any CPU
		{FC6DB946-A0EC-4E78-839E-12C6F7E44CC9}.Release|Any CPU.Build.0 = Release|Any CPU
	EndGlobalSection
	GlobalSection(SolutionProperties) = preSolution
		HideSolutionNode = FALSE
	EndGlobalSection
	GlobalSection(NestedProjects) = preSolution
		{5150D7C5-9091-44BD-8088-06FE496AB98F} = {D3ABACB7-4F3A-4296-B47A-B1A67560E470}
		{71CE99C2-0026-44D9-98C1-80573073548F} = {DD243774-6F5C-47D4-BAF1-709D0CA161F2}
		{FC6DB946-A0EC-4E78-839E-12C6F7E44CC9} = {C7E08EAC-8CB7-45E9-99CC-8A6EE4CBED14}
	EndGlobalSection
	GlobalSection(ExtensibilityGlobals) = postSolution
		SolutionGuid = {75D73846-37B1-4A4E-B9C6-0793133A6B1D}
	EndGlobalSection
EndGlobal
