
Microsoft Visual Studio Solution File, Format Version 12.00
# Visual Studio Version 16
VisualStudioVersion = 16.0.30309.148
MinimumVisualStudioVersion = 10.0.40219.1
Project("{2150E333-8FDC-42A3-9474-1A3956D46DE8}") = "01 - App", "01 - App", "{4B025496-5096-448B-AA02-B3F1D0C3D314}"
EndProject
Project("{2150E333-8FDC-42A3-9474-1A3956D46DE8}") = "02 - API", "02 - API", "{1AD0A7A0-60C6-4F91-A231-2E334C58968C}"
EndProject
Project("{2150E333-8FDC-42A3-9474-1A3956D46DE8}") = "03 - Business", "03 - Business", "{8594EB23-768C-4472-9055-95E78DB513AB}"
EndProject
Project("{2150E333-8FDC-42A3-9474-1A3956D46DE8}") = "04 - Data", "04 - Data", "{E2C069FB-0BEE-4AC9-B4AC-30867F231D74}"
EndProject
Project("{9A19103F-16F7-4668-BE54-9A1E7A4F7556}") = "WebCrawler.Business", "WebCrawler.Business\WebCrawler.Business.csproj", "{60DEE159-1B77-42F8-BDE8-B7998277C3BF}"
EndProject
Project("{9A19103F-16F7-4668-BE54-9A1E7A4F7556}") = "WebCrawler.Data", "WebCrawler.Data\WebCrawler.Data.csproj", "{C6316332-2939-44E6-8A70-D0DC2B417FBF}"
EndProject
Project("{9A19103F-16F7-4668-BE54-9A1E7A4F7556}") = "Crawler", "Crawler\Crawler.csproj", "{505E4B3F-894A-428E-B1F1-93F8E1D8D6B9}"
EndProject
Project("{9A19103F-16F7-4668-BE54-9A1E7A4F7556}") = "Scraper", "Scrapper\Scraper.csproj", "{424A02AE-9258-494D-9A5D-BE6E2AA3A439}"
EndProject
Project("{FAE04EC0-301F-11D3-BF4B-00C04F79EFBC}") = "WebCrawler.API", "WebCrawler.API\WebCrawler.API.csproj", "{28CADFFF-82AA-4D5D-8690-0135B62F7B54}"
EndProject
Global
	GlobalSection(SolutionConfigurationPlatforms) = preSolution
		Debug|Any CPU = Debug|Any CPU
		Release|Any CPU = Release|Any CPU
	EndGlobalSection
	GlobalSection(ProjectConfigurationPlatforms) = postSolution
		{60DEE159-1B77-42F8-BDE8-B7998277C3BF}.Debug|Any CPU.ActiveCfg = Debug|Any CPU
		{60DEE159-1B77-42F8-BDE8-B7998277C3BF}.Debug|Any CPU.Build.0 = Debug|Any CPU
		{60DEE159-1B77-42F8-BDE8-B7998277C3BF}.Release|Any CPU.ActiveCfg = Release|Any CPU
		{60DEE159-1B77-42F8-BDE8-B7998277C3BF}.Release|Any CPU.Build.0 = Release|Any CPU
		{C6316332-2939-44E6-8A70-D0DC2B417FBF}.Debug|Any CPU.ActiveCfg = Debug|Any CPU
		{C6316332-2939-44E6-8A70-D0DC2B417FBF}.Debug|Any CPU.Build.0 = Debug|Any CPU
		{C6316332-2939-44E6-8A70-D0DC2B417FBF}.Release|Any CPU.ActiveCfg = Release|Any CPU
		{C6316332-2939-44E6-8A70-D0DC2B417FBF}.Release|Any CPU.Build.0 = Release|Any CPU
		{505E4B3F-894A-428E-B1F1-93F8E1D8D6B9}.Debug|Any CPU.ActiveCfg = Debug|Any CPU
		{505E4B3F-894A-428E-B1F1-93F8E1D8D6B9}.Debug|Any CPU.Build.0 = Debug|Any CPU
		{505E4B3F-894A-428E-B1F1-93F8E1D8D6B9}.Release|Any CPU.ActiveCfg = Release|Any CPU
		{505E4B3F-894A-428E-B1F1-93F8E1D8D6B9}.Release|Any CPU.Build.0 = Release|Any CPU
		{424A02AE-9258-494D-9A5D-BE6E2AA3A439}.Debug|Any CPU.ActiveCfg = Debug|Any CPU
		{424A02AE-9258-494D-9A5D-BE6E2AA3A439}.Debug|Any CPU.Build.0 = Debug|Any CPU
		{424A02AE-9258-494D-9A5D-BE6E2AA3A439}.Release|Any CPU.ActiveCfg = Release|Any CPU
		{424A02AE-9258-494D-9A5D-BE6E2AA3A439}.Release|Any CPU.Build.0 = Release|Any CPU
		{28CADFFF-82AA-4D5D-8690-0135B62F7B54}.Debug|Any CPU.ActiveCfg = Debug|Any CPU
		{28CADFFF-82AA-4D5D-8690-0135B62F7B54}.Debug|Any CPU.Build.0 = Debug|Any CPU
		{28CADFFF-82AA-4D5D-8690-0135B62F7B54}.Release|Any CPU.ActiveCfg = Release|Any CPU
		{28CADFFF-82AA-4D5D-8690-0135B62F7B54}.Release|Any CPU.Build.0 = Release|Any CPU
	EndGlobalSection
	GlobalSection(SolutionProperties) = preSolution
		HideSolutionNode = FALSE
	EndGlobalSection
	GlobalSection(NestedProjects) = preSolution
		{60DEE159-1B77-42F8-BDE8-B7998277C3BF} = {8594EB23-768C-4472-9055-95E78DB513AB}
		{C6316332-2939-44E6-8A70-D0DC2B417FBF} = {E2C069FB-0BEE-4AC9-B4AC-30867F231D74}
		{505E4B3F-894A-428E-B1F1-93F8E1D8D6B9} = {4B025496-5096-448B-AA02-B3F1D0C3D314}
		{424A02AE-9258-494D-9A5D-BE6E2AA3A439} = {4B025496-5096-448B-AA02-B3F1D0C3D314}
		{28CADFFF-82AA-4D5D-8690-0135B62F7B54} = {1AD0A7A0-60C6-4F91-A231-2E334C58968C}
	EndGlobalSection
	GlobalSection(ExtensibilityGlobals) = postSolution
		SolutionGuid = {066703D5-1293-4B71-900F-F6E7ECCBE484}
	EndGlobalSection
EndGlobal
